Microsoft Visual Studio Solution File, Format Version 12.00
# Visual Studio Version 17
VisualStudioVersion = 17.0.31903.59
MinimumVisualStudioVersion = 10.0.40219.1
Project("{2150E333-8FDC-42A3-9474-1A3956D46DE8}") = "src", "src", "{EDE845D7-4ABA-46AE-869A-48E6CD11BB05}"
EndProject
Project("{9A19103F-16F7-4668-BE54-9A1E7A4F7556}") = "MigrationApp", "src\MigrationApp\MigrationApp.csproj", "{21C2DFC0-83DB-415E-9DCF-9FD654E60FD8}"
EndProject
Project("{9A19103F-16F7-4668-BE54-9A1E7A4F7556}") = "MigrationApp.Core", "src\MigrationApp.Core\MigrationApp.Core.csproj", "{BD24867E-3251-4014-B5E7-AD1ABED4EB1A}"
EndProject
Project("{9A19103F-16F7-4668-BE54-9A1E7A4F7556}") = "MigrationApp.Console", "src\MigrationApp.Console\MigrationApp.Console.csproj", "{820052C9-4676-47E3-BD3A-F30C33AC031A}"
EndProject
Project("{9A19103F-16F7-4668-BE54-9A1E7A4F7556}") = "MigrationApp.GUI", "src\MigrationApp.GUI\MigrationApp.GUI.csproj", "{AA14EDF6-7994-4CF3-970C-1136DD2491A3}"
EndProject
Project("{2150E333-8FDC-42A3-9474-1A3956D46DE8}") = "tests", "tests", "{1319E94A-49F5-4D38-BAD6-E8CDD844187C}"
EndProject
Project("{9A19103F-16F7-4668-BE54-9A1E7A4F7556}") = "MigrationApp.Core.Tests", "tests\MigrationApp.Core.Tests\MigrationApp.Core.Tests.csproj", "{E9180159-E6A0-4BF9-BA42-EFF6281D72CC}"
EndProject
Project("{9A19103F-16F7-4668-BE54-9A1E7A4F7556}") = "MigrationApp.Console.Tests", "tests\MigrationApp.Console.Tests\MigrationApp.Console.Tests.csproj", "{2849EDCE-B51C-48C7-B9FC-40620E47FD91}"
EndProject
Project("{9A19103F-16F7-4668-BE54-9A1E7A4F7556}") = "MigrationApp.GUI.Tests", "tests\MigrationApp.GUI.Tests\MigrationApp.GUI.Tests.csproj", "{C172CFCB-62C3-46E6-AF02-F0DC55D79DE5}"
EndProject
Global
  GlobalSection(SolutionConfigurationPlatforms) = preSolution
    Debug|Any CPU = Debug|Any CPU
    Release|Any CPU = Release|Any CPU
  EndGlobalSection
  GlobalSection(ProjectConfigurationPlatforms) = postSolution
    {21C2DFC0-83DB-415E-9DCF-9FD654E60FD8}.Debug|Any CPU.ActiveCfg = Debug|Any CPU
    {21C2DFC0-83DB-415E-9DCF-9FD654E60FD8}.Debug|Any CPU.Build.0 = Debug|Any CPU
    {21C2DFC0-83DB-415E-9DCF-9FD654E60FD8}.Release|Any CPU.ActiveCfg = Release|Any CPU
    {21C2DFC0-83DB-415E-9DCF-9FD654E60FD8}.Release|Any CPU.Build.0 = Release|Any CPU
    {BD24867E-3251-4014-B5E7-AD1ABED4EB1A}.Debug|Any CPU.ActiveCfg = Debug|Any CPU
    {BD24867E-3251-4014-B5E7-AD1ABED4EB1A}.Debug|Any CPU.Build.0 = Debug|Any CPU
    {BD24867E-3251-4014-B5E7-AD1ABED4EB1A}.Release|Any CPU.ActiveCfg = Release|Any CPU
    {BD24867E-3251-4014-B5E7-AD1ABED4EB1A}.Release|Any CPU.Build.0 = Release|Any CPU
    {820052C9-4676-47E3-BD3A-F30C33AC031A}.Debug|Any CPU.ActiveCfg = Debug|Any CPU
    {820052C9-4676-47E3-BD3A-F30C33AC031A}.Debug|Any CPU.Build.0 = Debug|Any CPU
    {820052C9-4676-47E3-BD3A-F30C33AC031A}.Release|Any CPU.ActiveCfg = Release|Any CPU
    {820052C9-4676-47E3-BD3A-F30C33AC031A}.Release|Any CPU.Build.0 = Release|Any CPU
    {AA14EDF6-7994-4CF3-970C-1136DD2491A3}.Debug|Any CPU.ActiveCfg = Debug|Any CPU
    {AA14EDF6-7994-4CF3-970C-1136DD2491A3}.Debug|Any CPU.Build.0 = Debug|Any CPU
    {AA14EDF6-7994-4CF3-970C-1136DD2491A3}.Release|Any CPU.ActiveCfg = Release|Any CPU
    {AA14EDF6-7994-4CF3-970C-1136DD2491A3}.Release|Any CPU.Build.0 = Release|Any CPU
    {E9180159-E6A0-4BF9-BA42-EFF6281D72CC}.Debug|Any CPU.ActiveCfg = Debug|Any CPU
    {E9180159-E6A0-4BF9-BA42-EFF6281D72CC}.Debug|Any CPU.Build.0 = Debug|Any CPU
    {E9180159-E6A0-4BF9-BA42-EFF6281D72CC}.Release|Any CPU.ActiveCfg = Release|Any CPU
    {E9180159-E6A0-4BF9-BA42-EFF6281D72CC}.Release|Any CPU.Build.0 = Release|Any CPU
    {2849EDCE-B51C-48C7-B9FC-40620E47FD91}.Debug|Any CPU.ActiveCfg = Debug|Any CPU
    {2849EDCE-B51C-48C7-B9FC-40620E47FD91}.Debug|Any CPU.Build.0 = Debug|Any CPU
    {2849EDCE-B51C-48C7-B9FC-40620E47FD91}.Release|Any CPU.ActiveCfg = Release|Any CPU
    {2849EDCE-B51C-48C7-B9FC-40620E47FD91}.Release|Any CPU.Build.0 = Release|Any CPU
    {C172CFCB-62C3-46E6-AF02-F0DC55D79DE5}.Debug|Any CPU.ActiveCfg = Debug|Any CPU
    {C172CFCB-62C3-46E6-AF02-F0DC55D79DE5}.Debug|Any CPU.Build.0 = Debug|Any CPU
    {C172CFCB-62C3-46E6-AF02-F0DC55D79DE5}.Release|Any CPU.ActiveCfg = Release|Any CPU
    {C172CFCB-62C3-46E6-AF02-F0DC55D79DE5}.Release|Any CPU.Build.0 = Release|Any CPU
  EndGlobalSection
  GlobalSection(SolutionProperties) = preSolution
    HideSolutionNode = FALSE
  EndGlobalSection
  GlobalSection(NestedProjects) = preSolution
    {21C2DFC0-83DB-415E-9DCF-9FD654E60FD8} = {EDE845D7-4ABA-46AE-869A-48E6CD11BB05}
    {BD24867E-3251-4014-B5E7-AD1ABED4EB1A} = {EDE845D7-4ABA-46AE-869A-48E6CD11BB05}
    {820052C9-4676-47E3-BD3A-F30C33AC031A} = {EDE845D7-4ABA-46AE-869A-48E6CD11BB05}
    {AA14EDF6-7994-4CF3-970C-1136DD2491A3} = {EDE845D7-4ABA-46AE-869A-48E6CD11BB05}
    {E9180159-E6A0-4BF9-BA42-EFF6281D72CC} = {1319E94A-49F5-4D38-BAD6-E8CDD844187C}
    {2849EDCE-B51C-48C7-B9FC-40620E47FD91} = {1319E94A-49F5-4D38-BAD6-E8CDD844187C}
    {C172CFCB-62C3-46E6-AF02-F0DC55D79DE5} = {1319E94A-49F5-4D38-BAD6-E8CDD844187C}
  EndGlobalSection
EndGlobal
